# THIS IS AN AUTOGENERATED FILE. DO NOT EDIT THIS FILE DIRECTLY.
# yarn lockfile v1


bootswatch@^5.1.1:
  version "5.1.1"
  resolved "https://registry.yarnpkg.com/bootswatch/-/bootswatch-5.1.1.tgz#3c9cd9dc418bffa5a5246d6c7a0b9af256b64dc7"
  integrity sha512-RL27y1hKIi7y9N+4C1fqQb3po/s3QRMltuGYyX5GMT9RbpTJ6M0658uKOBIHUIigf2BxAlrwzkX0qMA+49bIHA==
